{
  "name": "sodix-crawler",
  "version": "1.0.0",
  "lockfileVersion": 3,
  "requires": true,
  "packages": {
    "": {
      "name": "sodix-crawler",
      "version": "1.0.0",
      "bin": {
        "sodix-crawl": "bin/sodix-crawl.mjs"
      },
      "engines": {
        "node": ">=20"
      }
    }
  }
}
